
Microsoft Visual Studio Solution File, Format Version 12.00
# Visual Studio Version 17
VisualStudioVersion = 17.0.31903.59
MinimumVisualStudioVersion = 10.0.40219.1
Project("{FAE04EC0-301F-11D3-BF4B-00C04F79EFBC}") = "ToDoList", "P0.APP\ToDoList.csproj", "{173768A2-3E0A-4168-A927-06F6FE60FAD6}"
EndProject
Project("{FAE04EC0-301F-11D3-BF4B-00C04F79EFBC}") = "P0.Test", "P0.Test\P0.Test.csproj", "{9B7A34EE-FCB1-4286-8BAC-30E73C73458F}"
EndProject
Global
	GlobalSection(SolutionConfigurationPlatforms) = preSolution
		Debug|Any CPU = Debug|Any CPU
		Release|Any CPU = Release|Any CPU
	EndGlobalSection
	GlobalSection(SolutionProperties) = preSolution
		HideSolutionNode = FALSE
	EndGlobalSection
	GlobalSection(ProjectConfigurationPlatforms) = postSolution
		{173768A2-3E0A-4168-A927-06F6FE60FAD6}.Debug|Any CPU.ActiveCfg = Debug|Any CPU
		{173768A2-3E0A-4168-A927-06F6FE60FAD6}.Debug|Any CPU.Build.0 = Debug|Any CPU
		{173768A2-3E0A-4168-A927-06F6FE60FAD6}.Release|Any CPU.ActiveCfg = Release|Any CPU
		{173768A2-3E0A-4168-A927-06F6FE60FAD6}.Release|Any CPU.Build.0 = Release|Any CPU
		{9B7A34EE-FCB1-4286-8BAC-30E73C73458F}.Debug|Any CPU.ActiveCfg = Debug|Any CPU
		{9B7A34EE-FCB1-4286-8BAC-30E73C73458F}.Debug|Any CPU.Build.0 = Debug|Any CPU
		{9B7A34EE-FCB1-4286-8BAC-30E73C73458F}.Release|Any CPU.ActiveCfg = Release|Any CPU
		{9B7A34EE-FCB1-4286-8BAC-30E73C73458F}.Release|Any CPU.Build.0 = Release|Any CPU
	EndGlobalSection
EndGlobal
